
Microsoft Visual Studio Solution File, Format Version 12.00
# Visual Studio Version 17
VisualStudioVersion = 17.8.34511.84
MinimumVisualStudioVersion = 10.0.40219.1
Project("{FAE04EC0-301F-11D3-BF4B-00C04F79EFBC}") = "CarRecommenderIA", "CarRecommenderIA.csproj", "{39466B59-1710-40F6-91C3-F8D22D7D0008}"
EndProject
Global
	GlobalSection(SolutionConfigurationPlatforms) = preSolution
		Debug|Any CPU = Debug|Any CPU
		Release|Any CPU = Release|Any CPU
	EndGlobalSection
	GlobalSection(ProjectConfigurationPlatforms) = postSolution
		{39466B59-1710-40F6-91C3-F8D22D7D0008}.Debug|Any CPU.ActiveCfg = Debug|Any CPU
		{39466B59-1710-40F6-91C3-F8D22D7D0008}.Debug|Any CPU.Build.0 = Debug|Any CPU
		{39466B59-1710-40F6-91C3-F8D22D7D0008}.Release|Any CPU.ActiveCfg = Release|Any CPU
		{39466B59-1710-40F6-91C3-F8D22D7D0008}.Release|Any CPU.Build.0 = Release|Any CPU
	EndGlobalSection
	GlobalSection(SolutionProperties) = preSolution
		HideSolutionNode = FALSE
	EndGlobalSection
	GlobalSection(ExtensibilityGlobals) = postSolution
		SolutionGuid = {B0853283-A19D-4F2F-ABC8-F2957C4ED31F}
	EndGlobalSection
EndGlobal
